
Microsoft Visual Studio Solution File, Format Version 12.00
# Visual Studio Version 17
VisualStudioVersion = 17.11.35219.272
MinimumVisualStudioVersion = 10.0.40219.1
Project("{FAE04EC0-301F-11D3-BF4B-00C04F79EFBC}") = "ServerCore", "ServerCore\ServerCore.csproj", "{F854A8FB-FA8E-4EE6-BF5B-B8D484339246}"
EndProject
Project("{FAE04EC0-301F-11D3-BF4B-00C04F79EFBC}") = "ServerMain", "ServerMain\ServerMain.csproj", "{6FC19748-27E2-4398-97FA-94549D329C32}"
EndProject
Global
	GlobalSection(SolutionConfigurationPlatforms) = preSolution
		Debug|Any CPU = Debug|Any CPU
		Release|Any CPU = Release|Any CPU
	EndGlobalSection
	GlobalSection(ProjectConfigurationPlatforms) = postSolution
		{F854A8FB-FA8E-4EE6-BF5B-B8D484339246}.Debug|Any CPU.ActiveCfg = Debug|Any CPU
		{F854A8FB-FA8E-4EE6-BF5B-B8D484339246}.Debug|Any CPU.Build.0 = Debug|Any CPU
		{F854A8FB-FA8E-4EE6-BF5B-B8D484339246}.Release|Any CPU.ActiveCfg = Release|Any CPU
		{F854A8FB-FA8E-4EE6-BF5B-B8D484339246}.Release|Any CPU.Build.0 = Release|Any CPU
		{6FC19748-27E2-4398-97FA-94549D329C32}.Debug|Any CPU.ActiveCfg = Debug|Any CPU
		{6FC19748-27E2-4398-97FA-94549D329C32}.Debug|Any CPU.Build.0 = Debug|Any CPU
		{6FC19748-27E2-4398-97FA-94549D329C32}.Release|Any CPU.ActiveCfg = Release|Any CPU
		{6FC19748-27E2-4398-97FA-94549D329C32}.Release|Any CPU.Build.0 = Release|Any CPU
	EndGlobalSection
	GlobalSection(SolutionProperties) = preSolution
		HideSolutionNode = FALSE
	EndGlobalSection
	GlobalSection(ExtensibilityGlobals) = postSolution
		SolutionGuid = {238061D8-8211-4B10-8CC3-EB938B56A476}
	EndGlobalSection
EndGlobal
